
Microsoft Visual Studio Solution File, Format Version 12.00
# Visual Studio Version 17
VisualStudioVersion = 17.14.36301.6
MinimumVisualStudioVersion = 10.0.40219.1
Project("{2150E333-8FDC-42A3-9474-1A3956D46DE8}") = "src", "src", "{02EA681E-C7D8-13C7-8484-4AC65E1B71E8}"
EndProject
Project("{2150E333-8FDC-42A3-9474-1A3956D46DE8}") = "BuildingBlocks", "BuildingBlocks", "{6B9168ED-A4A8-4AE6-A8C8-64A456D16961}"
EndProject
Project("{2150E333-8FDC-42A3-9474-1A3956D46DE8}") = "Micro.CQRS", "Micro.CQRS", "{4EFC84D0-111C-44C2-8BED-DD20761BABA6}"
EndProject
Project("{FAE04EC0-301F-11D3-BF4B-00C04F79EFBC}") = "Micro.CQRS", "src\BuildingBlocks\Micro.CQRS\Micro.CQRS.csproj", "{913EA16B-779E-4BDB-A94F-4C7E2C6C998C}"
EndProject
Project("{2150E333-8FDC-42A3-9474-1A3956D46DE8}") = "Micro.Domain", "Micro.Domain", "{C5D32503-7D83-434B-92A5-77BDB23BE169}"
EndProject
Project("{FAE04EC0-301F-11D3-BF4B-00C04F79EFBC}") = "Micro.Domain", "src\BuildingBlocks\Micro.Domain\Micro.Domain.csproj", "{E979FEA7-5F85-4EA4-A553-FE5406B73F8C}"
EndProject
Project("{2150E333-8FDC-42A3-9474-1A3956D46DE8}") = "Micro.Dapper", "Micro.Dapper", "{328D8CE4-B470-497F-90C8-437AD2F29418}"
EndProject
Project("{FAE04EC0-301F-11D3-BF4B-00C04F79EFBC}") = "Micro.Dapper", "src\BuildingBlocks\Micro.Dapper\Micro.Dapper.csproj", "{CB073915-0E7E-4750-A525-C5D3A7A6E1B8}"
EndProject
Project("{2150E333-8FDC-42A3-9474-1A3956D46DE8}") = "Micro.Caching", "Micro.Caching", "{919F721F-4573-4C47-9DE2-62A6F2675D7E}"
EndProject
Project("{FAE04EC0-301F-11D3-BF4B-00C04F79EFBC}") = "Micro.Caching", "src\BuildingBlocks\Micro.Caching\Micro.Caching.csproj", "{6D6B5D24-C242-4A6F-83D2-53A9964DB1AB}"
EndProject
Project("{2150E333-8FDC-42A3-9474-1A3956D46DE8}") = "Micro.Http", "Micro.Http", "{72734446-52DC-436C-BD34-A580ACC3BD5C}"
EndProject
Project("{FAE04EC0-301F-11D3-BF4B-00C04F79EFBC}") = "Micro.Http", "src\BuildingBlocks\Micro.Http\Micro.Http.csproj", "{71742A11-D405-4CD7-B35E-D5275A517357}"
EndProject
Project("{2150E333-8FDC-42A3-9474-1A3956D46DE8}") = "_SolutionItems", "_SolutionItems", "{4474EF83-1D01-4E25-A4B7-37BEFB9B1010}"
	ProjectSection(SolutionItems) = preProject
		Directory.Build.props = Directory.Build.props
		Directory.Build.targets = Directory.Build.targets
		Directory.Packages.props = Directory.Packages.props
	EndProjectSection
EndProject
Project("{2150E333-8FDC-42A3-9474-1A3956D46DE8}") = "sql", "sql", "{A49113BB-06E9-446F-89B9-D8394612861F}"
	ProjectSection(SolutionItems) = preProject
		store.sql = store.sql
	EndProjectSection
EndProject
Global
	GlobalSection(SolutionConfigurationPlatforms) = preSolution
		Debug|Any CPU = Debug|Any CPU
		Debug|x64 = Debug|x64
		Debug|x86 = Debug|x86
		Release|Any CPU = Release|Any CPU
		Release|x64 = Release|x64
		Release|x86 = Release|x86
	EndGlobalSection
	GlobalSection(ProjectConfigurationPlatforms) = postSolution
		{913EA16B-779E-4BDB-A94F-4C7E2C6C998C}.Debug|Any CPU.ActiveCfg = Debug|Any CPU
		{913EA16B-779E-4BDB-A94F-4C7E2C6C998C}.Debug|Any CPU.Build.0 = Debug|Any CPU
		{913EA16B-779E-4BDB-A94F-4C7E2C6C998C}.Debug|x64.ActiveCfg = Debug|Any CPU
		{913EA16B-779E-4BDB-A94F-4C7E2C6C998C}.Debug|x64.Build.0 = Debug|Any CPU
		{913EA16B-779E-4BDB-A94F-4C7E2C6C998C}.Debug|x86.ActiveCfg = Debug|Any CPU
		{913EA16B-779E-4BDB-A94F-4C7E2C6C998C}.Debug|x86.Build.0 = Debug|Any CPU
		{913EA16B-779E-4BDB-A94F-4C7E2C6C998C}.Release|Any CPU.ActiveCfg = Release|Any CPU
		{913EA16B-779E-4BDB-A94F-4C7E2C6C998C}.Release|Any CPU.Build.0 = Release|Any CPU
		{913EA16B-779E-4BDB-A94F-4C7E2C6C998C}.Release|x64.ActiveCfg = Release|Any CPU
		{913EA16B-779E-4BDB-A94F-4C7E2C6C998C}.Release|x64.Build.0 = Release|Any CPU
		{913EA16B-779E-4BDB-A94F-4C7E2C6C998C}.Release|x86.ActiveCfg = Release|Any CPU
		{913EA16B-779E-4BDB-A94F-4C7E2C6C998C}.Release|x86.Build.0 = Release|Any CPU
		{E979FEA7-5F85-4EA4-A553-FE5406B73F8C}.Debug|Any CPU.ActiveCfg = Debug|Any CPU
		{E979FEA7-5F85-4EA4-A553-FE5406B73F8C}.Debug|Any CPU.Build.0 = Debug|Any CPU
		{E979FEA7-5F85-4EA4-A553-FE5406B73F8C}.Debug|x64.ActiveCfg = Debug|Any CPU
		{E979FEA7-5F85-4EA4-A553-FE5406B73F8C}.Debug|x64.Build.0 = Debug|Any CPU
		{E979FEA7-5F85-4EA4-A553-FE5406B73F8C}.Debug|x86.ActiveCfg = Debug|Any CPU
		{E979FEA7-5F85-4EA4-A553-FE5406B73F8C}.Debug|x86.Build.0 = Debug|Any CPU
		{E979FEA7-5F85-4EA4-A553-FE5406B73F8C}.Release|Any CPU.ActiveCfg = Release|Any CPU
		{E979FEA7-5F85-4EA4-A553-FE5406B73F8C}.Release|Any CPU.Build.0 = Release|Any CPU
		{E979FEA7-5F85-4EA4-A553-FE5406B73F8C}.Release|x64.ActiveCfg = Release|Any CPU
		{E979FEA7-5F85-4EA4-A553-FE5406B73F8C}.Release|x64.Build.0 = Release|Any CPU
		{E979FEA7-5F85-4EA4-A553-FE5406B73F8C}.Release|x86.ActiveCfg = Release|Any CPU
		{E979FEA7-5F85-4EA4-A553-FE5406B73F8C}.Release|x86.Build.0 = Release|Any CPU
		{CB073915-0E7E-4750-A525-C5D3A7A6E1B8}.Debug|Any CPU.ActiveCfg = Debug|Any CPU
		{CB073915-0E7E-4750-A525-C5D3A7A6E1B8}.Debug|Any CPU.Build.0 = Debug|Any CPU
		{CB073915-0E7E-4750-A525-C5D3A7A6E1B8}.Debug|x64.ActiveCfg = Debug|Any CPU
		{CB073915-0E7E-4750-A525-C5D3A7A6E1B8}.Debug|x64.Build.0 = Debug|Any CPU
		{CB073915-0E7E-4750-A525-C5D3A7A6E1B8}.Debug|x86.ActiveCfg = Debug|Any CPU
		{CB073915-0E7E-4750-A525-C5D3A7A6E1B8}.Debug|x86.Build.0 = Debug|Any CPU
		{CB073915-0E7E-4750-A525-C5D3A7A6E1B8}.Release|Any CPU.ActiveCfg = Release|Any CPU
		{CB073915-0E7E-4750-A525-C5D3A7A6E1B8}.Release|Any CPU.Build.0 = Release|Any CPU
		{CB073915-0E7E-4750-A525-C5D3A7A6E1B8}.Release|x64.ActiveCfg = Release|Any CPU
		{CB073915-0E7E-4750-A525-C5D3A7A6E1B8}.Release|x64.Build.0 = Release|Any CPU
		{CB073915-0E7E-4750-A525-C5D3A7A6E1B8}.Release|x86.ActiveCfg = Release|Any CPU
		{CB073915-0E7E-4750-A525-C5D3A7A6E1B8}.Release|x86.Build.0 = Release|Any CPU
		{6D6B5D24-C242-4A6F-83D2-53A9964DB1AB}.Debug|Any CPU.ActiveCfg = Debug|Any CPU
		{6D6B5D24-C242-4A6F-83D2-53A9964DB1AB}.Debug|Any CPU.Build.0 = Debug|Any CPU
		{6D6B5D24-C242-4A6F-83D2-53A9964DB1AB}.Debug|x64.ActiveCfg = Debug|Any CPU
		{6D6B5D24-C242-4A6F-83D2-53A9964DB1AB}.Debug|x64.Build.0 = Debug|Any CPU
		{6D6B5D24-C242-4A6F-83D2-53A9964DB1AB}.Debug|x86.ActiveCfg = Debug|Any CPU
		{6D6B5D24-C242-4A6F-83D2-53A9964DB1AB}.Debug|x86.Build.0 = Debug|Any CPU
		{6D6B5D24-C242-4A6F-83D2-53A9964DB1AB}.Release|Any CPU.ActiveCfg = Release|Any CPU
		{6D6B5D24-C242-4A6F-83D2-53A9964DB1AB}.Release|Any CPU.Build.0 = Release|Any CPU
		{6D6B5D24-C242-4A6F-83D2-53A9964DB1AB}.Release|x64.ActiveCfg = Release|Any CPU
		{6D6B5D24-C242-4A6F-83D2-53A9964DB1AB}.Release|x64.Build.0 = Release|Any CPU
		{6D6B5D24-C242-4A6F-83D2-53A9964DB1AB}.Release|x86.ActiveCfg = Release|Any CPU
		{6D6B5D24-C242-4A6F-83D2-53A9964DB1AB}.Release|x86.Build.0 = Release|Any CPU
		{71742A11-D405-4CD7-B35E-D5275A517357}.Debug|Any CPU.ActiveCfg = Debug|Any CPU
		{71742A11-D405-4CD7-B35E-D5275A517357}.Debug|Any CPU.Build.0 = Debug|Any CPU
		{71742A11-D405-4CD7-B35E-D5275A517357}.Debug|x64.ActiveCfg = Debug|Any CPU
		{71742A11-D405-4CD7-B35E-D5275A517357}.Debug|x64.Build.0 = Debug|Any CPU
		{71742A11-D405-4CD7-B35E-D5275A517357}.Debug|x86.ActiveCfg = Debug|Any CPU
		{71742A11-D405-4CD7-B35E-D5275A517357}.Debug|x86.Build.0 = Debug|Any CPU
		{71742A11-D405-4CD7-B35E-D5275A517357}.Release|Any CPU.ActiveCfg = Release|Any CPU
		{71742A11-D405-4CD7-B35E-D5275A517357}.Release|Any CPU.Build.0 = Release|Any CPU
		{71742A11-D405-4CD7-B35E-D5275A517357}.Release|x64.ActiveCfg = Release|Any CPU
		{71742A11-D405-4CD7-B35E-D5275A517357}.Release|x64.Build.0 = Release|Any CPU
		{71742A11-D405-4CD7-B35E-D5275A517357}.Release|x86.ActiveCfg = Release|Any CPU
		{71742A11-D405-4CD7-B35E-D5275A517357}.Release|x86.Build.0 = Release|Any CPU
	EndGlobalSection
	GlobalSection(SolutionProperties) = preSolution
		HideSolutionNode = FALSE
	EndGlobalSection
	GlobalSection(NestedProjects) = preSolution
		{6B9168ED-A4A8-4AE6-A8C8-64A456D16961} = {02EA681E-C7D8-13C7-8484-4AC65E1B71E8}
		{4EFC84D0-111C-44C2-8BED-DD20761BABA6} = {6B9168ED-A4A8-4AE6-A8C8-64A456D16961}
		{913EA16B-779E-4BDB-A94F-4C7E2C6C998C} = {4EFC84D0-111C-44C2-8BED-DD20761BABA6}
		{C5D32503-7D83-434B-92A5-77BDB23BE169} = {6B9168ED-A4A8-4AE6-A8C8-64A456D16961}
		{E979FEA7-5F85-4EA4-A553-FE5406B73F8C} = {C5D32503-7D83-434B-92A5-77BDB23BE169}
		{328D8CE4-B470-497F-90C8-437AD2F29418} = {6B9168ED-A4A8-4AE6-A8C8-64A456D16961}
		{CB073915-0E7E-4750-A525-C5D3A7A6E1B8} = {328D8CE4-B470-497F-90C8-437AD2F29418}
		{919F721F-4573-4C47-9DE2-62A6F2675D7E} = {6B9168ED-A4A8-4AE6-A8C8-64A456D16961}
		{6D6B5D24-C242-4A6F-83D2-53A9964DB1AB} = {919F721F-4573-4C47-9DE2-62A6F2675D7E}
		{72734446-52DC-436C-BD34-A580ACC3BD5C} = {6B9168ED-A4A8-4AE6-A8C8-64A456D16961}
		{71742A11-D405-4CD7-B35E-D5275A517357} = {72734446-52DC-436C-BD34-A580ACC3BD5C}
	EndGlobalSection
	GlobalSection(ExtensibilityGlobals) = postSolution
		SolutionGuid = {D7F9928A-8174-4582-A868-1723EFB6DBE1}
	EndGlobalSection
EndGlobal
